
Microsoft Visual Studio Solution File, Format Version 12.00
# Visual Studio Version 17
VisualStudioVersion = 17.14.36203.30 d17.14
MinimumVisualStudioVersion = 10.0.40219.1
Project("{FAE04EC0-301F-11D3-BF4B-00C04F79EFBC}") = "HomeWork", "HomeWork.csproj", "{68E69F7C-0E4A-41C6-93FF-D05ECAE26B0F}"
EndProject
Global
	GlobalSection(SolutionConfigurationPlatforms) = preSolution
		Debug|Any CPU = Debug|Any CPU
		Release|Any CPU = Release|Any CPU
	EndGlobalSection
	GlobalSection(ProjectConfigurationPlatforms) = postSolution
		{68E69F7C-0E4A-41C6-93FF-D05ECAE26B0F}.Debug|Any CPU.ActiveCfg = Debug|Any CPU
		{68E69F7C-0E4A-41C6-93FF-D05ECAE26B0F}.Debug|Any CPU.Build.0 = Debug|Any CPU
		{68E69F7C-0E4A-41C6-93FF-D05ECAE26B0F}.Release|Any CPU.ActiveCfg = Release|Any CPU
		{68E69F7C-0E4A-41C6-93FF-D05ECAE26B0F}.Release|Any CPU.Build.0 = Release|Any CPU
	EndGlobalSection
	GlobalSection(SolutionProperties) = preSolution
		HideSolutionNode = FALSE
	EndGlobalSection
	GlobalSection(ExtensibilityGlobals) = postSolution
		SolutionGuid = {E02804D6-62C7-4D2D-A7A1-5274D4C27917}
	EndGlobalSection
EndGlobal
